
Microsoft Visual Studio Solution File, Format Version 12.00
# Visual Studio Version 16
VisualStudioVersion = 16.0.30523.141
MinimumVisualStudioVersion = 10.0.40219.1
Project("{FAE04EC0-301F-11D3-BF4B-00C04F79EFBC}") = "WebAPIMongoDB", "WebAPIMongoDB.csproj", "{86BA4A7F-2D37-4B66-8D2B-2D950CF6A24C}"
EndProject
Global
	GlobalSection(SolutionConfigurationPlatforms) = preSolution
		Debug|Any CPU = Debug|Any CPU
		Release|Any CPU = Release|Any CPU
	EndGlobalSection
	GlobalSection(ProjectConfigurationPlatforms) = postSolution
		{86BA4A7F-2D37-4B66-8D2B-2D950CF6A24C}.Debug|Any CPU.ActiveCfg = Debug|Any CPU
		{86BA4A7F-2D37-4B66-8D2B-2D950CF6A24C}.Debug|Any CPU.Build.0 = Debug|Any CPU
		{86BA4A7F-2D37-4B66-8D2B-2D950CF6A24C}.Release|Any CPU.ActiveCfg = Release|Any CPU
		{86BA4A7F-2D37-4B66-8D2B-2D950CF6A24C}.Release|Any CPU.Build.0 = Release|Any CPU
	EndGlobalSection
	GlobalSection(SolutionProperties) = preSolution
		HideSolutionNode = FALSE
	EndGlobalSection
	GlobalSection(ExtensibilityGlobals) = postSolution
		SolutionGuid = {7E65950C-603E-40B5-AD51-5ECCD2BA6DD9}
	EndGlobalSection
EndGlobal
